
Microsoft Visual Studio Solution File, Format Version 12.00
# Visual Studio Version 17
VisualStudioVersion = 17.0.31612.314
MinimumVisualStudioVersion = 10.0.40219.1
Project("{9A19103F-16F7-4668-BE54-9A1E7A4F7556}") = "GPLAG-PD", "GPLAG-PD.csproj", "{BD253ADC-B712-4776-B923-978A0EF698B4}"
EndProject
Global
	GlobalSection(SolutionConfigurationPlatforms) = preSolution
		Debug|Any CPU = Debug|Any CPU
		Release|Any CPU = Release|Any CPU
	EndGlobalSection
	GlobalSection(ProjectConfigurationPlatforms) = postSolution
		{BD253ADC-B712-4776-B923-978A0EF698B4}.Debug|Any CPU.ActiveCfg = Debug|Any CPU
		{BD253ADC-B712-4776-B923-978A0EF698B4}.Debug|Any CPU.Build.0 = Debug|Any CPU
		{BD253ADC-B712-4776-B923-978A0EF698B4}.Release|Any CPU.ActiveCfg = Release|Any CPU
		{BD253ADC-B712-4776-B923-978A0EF698B4}.Release|Any CPU.Build.0 = Release|Any CPU
	EndGlobalSection
	GlobalSection(SolutionProperties) = preSolution
		HideSolutionNode = FALSE
	EndGlobalSection
	GlobalSection(ExtensibilityGlobals) = postSolution
		SolutionGuid = {CF75C9FB-C4C6-41C3-A477-938AE0616C7C}
	EndGlobalSection
EndGlobal
